
Microsoft Visual Studio Solution File, Format Version 12.00
# Visual Studio Version 17
VisualStudioVersion = 17.9.34902.65
MinimumVisualStudioVersion = 10.0.40219.1
Project("{FAE04EC0-301F-11D3-BF4B-00C04F79EFBC}") = "Kursovaya", "Kursovaya\Kursovaya.csproj", "{764AC209-F128-4598-9890-FB7BC65CBB12}"
EndProject
Global
	GlobalSection(SolutionConfigurationPlatforms) = preSolution
		Debug|Any CPU = Debug|Any CPU
		Release|Any CPU = Release|Any CPU
	EndGlobalSection
	GlobalSection(ProjectConfigurationPlatforms) = postSolution
		{764AC209-F128-4598-9890-FB7BC65CBB12}.Debug|Any CPU.ActiveCfg = Debug|Any CPU
		{764AC209-F128-4598-9890-FB7BC65CBB12}.Debug|Any CPU.Build.0 = Debug|Any CPU
		{764AC209-F128-4598-9890-FB7BC65CBB12}.Release|Any CPU.ActiveCfg = Release|Any CPU
		{764AC209-F128-4598-9890-FB7BC65CBB12}.Release|Any CPU.Build.0 = Release|Any CPU
	EndGlobalSection
	GlobalSection(SolutionProperties) = preSolution
		HideSolutionNode = FALSE
	EndGlobalSection
	GlobalSection(ExtensibilityGlobals) = postSolution
		SolutionGuid = {21E6FA94-E7BC-425D-9A6A-BC2C221CF562}
	EndGlobalSection
EndGlobal
